
Microsoft Visual Studio Solution File, Format Version 11.00
# Visual Studio 2010
Project("{FAE04EC0-301F-11D3-BF4B-00C04F79EFBC}") = "GiveCRM.Admin.Models", "GiveCRM.Admin.Models\GiveCRM.Admin.Models.csproj", "{D00A47FB-4BAC-44C8-B7EF-6A42B268C9A0}"
EndProject
Project("{FAE04EC0-301F-11D3-BF4B-00C04F79EFBC}") = "GiveCRM.Admin.Web", "GiveCRM.Admin.Web\GiveCRM.Admin.Web.csproj", "{50A2C082-28AC-46E5-A9CF-C4CC1456B354}"
EndProject
Project("{FAE04EC0-301F-11D3-BF4B-00C04F79EFBC}") = "GiveCRM.Admin.DataAccess", "GiveCRM.Admin.DataAccess\GiveCRM.Admin.DataAccess.csproj", "{5E73464B-0363-49C2-93E8-92B81E564DB0}"
EndProject
Project("{C8D11400-126E-41CD-887F-60BD40844F9E}") = "GiveCRM.Admin.Database", "GiveCRM.Admin.Database\GiveCRM.Admin.Database.dbproj", "{67CBC824-A49E-4E9B-A947-360F3DFE65C3}"
EndProject
Project("{FAE04EC0-301F-11D3-BF4B-00C04F79EFBC}") = "GiveCRM.Admin.Models.Test", "GiveCRM.Admin.Models.Test\GiveCRM.Admin.Models.Test.csproj", "{CC9452D6-1BFC-45BA-96CD-3BB3E7CF9FBE}"
EndProject
Project("{FAE04EC0-301F-11D3-BF4B-00C04F79EFBC}") = "GiveCRM.Admin.DataAccess.Test", "GiveCRM.Admin.DataAccess.Test\GiveCRM.Admin.DataAccess.Test.csproj", "{F9EB7CBA-5A08-4187-86A8-5E4232530E32}"
EndProject
Project("{FAE04EC0-301F-11D3-BF4B-00C04F79EFBC}") = "GiveCRM.Admin.Web.Tests", "GiveCRM.Admin.Web.Tests\GiveCRM.Admin.Web.Tests.csproj", "{D2D6B6C8-6EBA-4EA4-8B38-96287566BBED}"
EndProject
Project("{2150E333-8FDC-42A3-9474-1A3956D46DE8}") = ".nuget", ".nuget", "{83E9D5E3-6A77-4ED3-9068-21EB1D75B858}"
	ProjectSection(SolutionItems) = preProject
		.nuget\NuGet.exe = .nuget\NuGet.exe
		.nuget\NuGet.targets = .nuget\NuGet.targets
	EndProjectSection
EndProject
Global
	GlobalSection(SolutionConfigurationPlatforms) = preSolution
		Debug|Any CPU = Debug|Any CPU
		Release|Any CPU = Release|Any CPU
	EndGlobalSection
	GlobalSection(ProjectConfigurationPlatforms) = postSolution
		{D00A47FB-4BAC-44C8-B7EF-6A42B268C9A0}.Debug|Any CPU.ActiveCfg = Debug|Any CPU
		{D00A47FB-4BAC-44C8-B7EF-6A42B268C9A0}.Debug|Any CPU.Build.0 = Debug|Any CPU
		{D00A47FB-4BAC-44C8-B7EF-6A42B268C9A0}.Release|Any CPU.ActiveCfg = Release|Any CPU
		{D00A47FB-4BAC-44C8-B7EF-6A42B268C9A0}.Release|Any CPU.Build.0 = Release|Any CPU
		{50A2C082-28AC-46E5-A9CF-C4CC1456B354}.Debug|Any CPU.ActiveCfg = Debug|Any CPU
		{50A2C082-28AC-46E5-A9CF-C4CC1456B354}.Debug|Any CPU.Build.0 = Debug|Any CPU
		{50A2C082-28AC-46E5-A9CF-C4CC1456B354}.Release|Any CPU.ActiveCfg = Release|Any CPU
		{50A2C082-28AC-46E5-A9CF-C4CC1456B354}.Release|Any CPU.Build.0 = Release|Any CPU
		{5E73464B-0363-49C2-93E8-92B81E564DB0}.Debug|Any CPU.ActiveCfg = Debug|Any CPU
		{5E73464B-0363-49C2-93E8-92B81E564DB0}.Debug|Any CPU.Build.0 = Debug|Any CPU
		{5E73464B-0363-49C2-93E8-92B81E564DB0}.Release|Any CPU.ActiveCfg = Release|Any CPU
		{5E73464B-0363-49C2-93E8-92B81E564DB0}.Release|Any CPU.Build.0 = Release|Any CPU
		{67CBC824-A49E-4E9B-A947-360F3DFE65C3}.Debug|Any CPU.ActiveCfg = Debug|Any CPU
		{67CBC824-A49E-4E9B-A947-360F3DFE65C3}.Release|Any CPU.ActiveCfg = Release|Any CPU
		{CC9452D6-1BFC-45BA-96CD-3BB3E7CF9FBE}.Debug|Any CPU.ActiveCfg = Debug|Any CPU
		{CC9452D6-1BFC-45BA-96CD-3BB3E7CF9FBE}.Debug|Any CPU.Build.0 = Debug|Any CPU
		{CC9452D6-1BFC-45BA-96CD-3BB3E7CF9FBE}.Release|Any CPU.ActiveCfg = Release|Any CPU
		{CC9452D6-1BFC-45BA-96CD-3BB3E7CF9FBE}.Release|Any CPU.Build.0 = Release|Any CPU
		{F9EB7CBA-5A08-4187-86A8-5E4232530E32}.Debug|Any CPU.ActiveCfg = Debug|Any CPU
		{F9EB7CBA-5A08-4187-86A8-5E4232530E32}.Debug|Any CPU.Build.0 = Debug|Any CPU
		{F9EB7CBA-5A08-4187-86A8-5E4232530E32}.Release|Any CPU.ActiveCfg = Release|Any CPU
		{F9EB7CBA-5A08-4187-86A8-5E4232530E32}.Release|Any CPU.Build.0 = Release|Any CPU
		{D2D6B6C8-6EBA-4EA4-8B38-96287566BBED}.Debug|Any CPU.ActiveCfg = Debug|Any CPU
		{D2D6B6C8-6EBA-4EA4-8B38-96287566BBED}.Debug|Any CPU.Build.0 = Debug|Any CPU
		{D2D6B6C8-6EBA-4EA4-8B38-96287566BBED}.Release|Any CPU.ActiveCfg = Release|Any CPU
		{D2D6B6C8-6EBA-4EA4-8B38-96287566BBED}.Release|Any CPU.Build.0 = Release|Any CPU
	EndGlobalSection
	GlobalSection(SolutionProperties) = preSolution
		HideSolutionNode = FALSE
	EndGlobalSection
EndGlobal
